
Microsoft Visual Studio Solution File, Format Version 12.00
Project("{FAE04EC0-301F-11D3-BF4B-00C04F79EFBC}") = "DeathDidntWin", "DeathDidntWin\DeathDidntWin.csproj", "{68D1339E-5CF9-4B54-8490-31E83F813959}"
EndProject
Global
	GlobalSection(SolutionConfigurationPlatforms) = preSolution
		Debug|Any CPU = Debug|Any CPU
		Release|Any CPU = Release|Any CPU
	EndGlobalSection
	GlobalSection(ProjectConfigurationPlatforms) = postSolution
		{68D1339E-5CF9-4B54-8490-31E83F813959}.Debug|Any CPU.ActiveCfg = Debug|Any CPU
		{68D1339E-5CF9-4B54-8490-31E83F813959}.Debug|Any CPU.Build.0 = Debug|Any CPU
		{68D1339E-5CF9-4B54-8490-31E83F813959}.Release|Any CPU.ActiveCfg = Release|Any CPU
		{68D1339E-5CF9-4B54-8490-31E83F813959}.Release|Any CPU.Build.0 = Release|Any CPU
	EndGlobalSection
EndGlobal
